
Microsoft Visual Studio Solution File, Format Version 12.00
# Visual Studio Version 16
VisualStudioVersion = 16.0.30804.86
MinimumVisualStudioVersion = 10.0.40219.1
Project("{FAE04EC0-301F-11D3-BF4B-00C04F79EFBC}") = "OOP21_Calculator", "OOP21_Calculator.csproj", "{151A88CD-47DB-4F39-B67D-4B0B7E865627}"
EndProject
Global
	GlobalSection(SolutionConfigurationPlatforms) = preSolution
		Debug|Any CPU = Debug|Any CPU
		Release|Any CPU = Release|Any CPU
	EndGlobalSection
	GlobalSection(ProjectConfigurationPlatforms) = postSolution
		{151A88CD-47DB-4F39-B67D-4B0B7E865627}.Debug|Any CPU.ActiveCfg = Debug|Any CPU
		{151A88CD-47DB-4F39-B67D-4B0B7E865627}.Debug|Any CPU.Build.0 = Debug|Any CPU
		{151A88CD-47DB-4F39-B67D-4B0B7E865627}.Release|Any CPU.ActiveCfg = Release|Any CPU
		{151A88CD-47DB-4F39-B67D-4B0B7E865627}.Release|Any CPU.Build.0 = Release|Any CPU
	EndGlobalSection
	GlobalSection(SolutionProperties) = preSolution
		HideSolutionNode = FALSE
	EndGlobalSection
	GlobalSection(ExtensibilityGlobals) = postSolution
		SolutionGuid = {83DB4A2E-6E8C-4D72-A649-D7AE13B3E269}
	EndGlobalSection
EndGlobal
